
Microsoft Visual Studio Solution File, Format Version 12.00
# Visual Studio 15
VisualStudioVersion = 15.0.27703.2018
MinimumVisualStudioVersion = 10.0.40219.1
Project("{FAE04EC0-301F-11D3-BF4B-00C04F79EFBC}") = "QuartzMefTest", "QuartzMefTest\QuartzMefTest.csproj", "{5C95D39E-AFA2-4A98-B4D4-92674D6F8F54}"
EndProject
Project("{FAE04EC0-301F-11D3-BF4B-00C04F79EFBC}") = "QuartzMefLib", "QuartzMefLib\QuartzMefLib.csproj", "{CA706D84-CD08-4E85-B593-56C1C08B0BDC}"
EndProject
Project("{2150E333-8FDC-42A3-9474-1A3956D46DE8}") = "Jobs", "Jobs", "{C3A54A81-C66F-45D7-9E11-7C3E290ABEEB}"
EndProject
Project("{FAE04EC0-301F-11D3-BF4B-00C04F79EFBC}") = "JobSet1", "JobSet1\JobSet1.csproj", "{89FC296F-F7A1-4C7C-8F5C-29FF194EC218}"
EndProject
Project("{FAE04EC0-301F-11D3-BF4B-00C04F79EFBC}") = "JobSet2", "JobSet2\JobSet2.csproj", "{A6DA8175-8D42-4E43-895F-6B07173B1B25}"
EndProject
Project("{FAE04EC0-301F-11D3-BF4B-00C04F79EFBC}") = "Toolbox.Scheduler.Interfaces", "Toolbox.Scheduler.Interfaces\Toolbox.Scheduler.Interfaces.csproj", "{847A71DB-BD35-4CF1-BB5B-85918ECABD45}"
EndProject
Project("{FAE04EC0-301F-11D3-BF4B-00C04F79EFBC}") = "Toolbox.Scheduler.Svc", "Toolbox.Scheduler.Svc\Toolbox.Scheduler.Svc.csproj", "{BDDC0230-3226-4661-B888-7ECA8271B1A6}"
EndProject
Project("{FAE04EC0-301F-11D3-BF4B-00C04F79EFBC}") = "Toolbox.Persistance.Svc", "Toolbox.Persistance.Svc\Toolbox.Persistance.Svc.csproj", "{BC89E158-B5CA-4829-95B1-3E2D1FA3DC23}"
EndProject
Project("{2150E333-8FDC-42A3-9474-1A3956D46DE8}") = "Databases", "Databases", "{4AB4585D-C9E6-4C14-A124-1C1EB6E206B1}"
EndProject
Project("{FAE04EC0-301F-11D3-BF4B-00C04F79EFBC}") = "PersistanceModule", "PersistanceModule\PersistanceModule.csproj", "{072D0644-50FA-4475-976E-A28A57CAB351}"
EndProject
Project("{FAE04EC0-301F-11D3-BF4B-00C04F79EFBC}") = "PersistanceModuleEF", "PersistanceModuleEF\PersistanceModuleEF.csproj", "{03E69A65-8F96-43DB-A3F8-2F72805E4DE0}"
EndProject
Project("{FAE04EC0-301F-11D3-BF4B-00C04F79EFBC}") = "ToolBoxCoreJobs", "ToolBoxCoreJobs\ToolBoxCoreJobs.csproj", "{BAB527D1-67FC-4C0F-A393-2D2FD0D7519E}"
EndProject
Project("{FAE04EC0-301F-11D3-BF4B-00C04F79EFBC}") = "AppsJobs", "AppsJobs\AppsJobs.csproj", "{17804B3E-A75A-402B-8445-CDD09CE01E4C}"
EndProject
Project("{FAE04EC0-301F-11D3-BF4B-00C04F79EFBC}") = "Apps.Database", "Apps.Database\Apps.Database.csproj", "{EA9F4064-6A62-45B3-8D97-5243F5A175A8}"
EndProject
Global
	GlobalSection(SolutionConfigurationPlatforms) = preSolution
		Debug|Any CPU = Debug|Any CPU
		Release|Any CPU = Release|Any CPU
	EndGlobalSection
	GlobalSection(ProjectConfigurationPlatforms) = postSolution
		{5C95D39E-AFA2-4A98-B4D4-92674D6F8F54}.Debug|Any CPU.ActiveCfg = Debug|Any CPU
		{5C95D39E-AFA2-4A98-B4D4-92674D6F8F54}.Debug|Any CPU.Build.0 = Debug|Any CPU
		{5C95D39E-AFA2-4A98-B4D4-92674D6F8F54}.Release|Any CPU.ActiveCfg = Release|Any CPU
		{5C95D39E-AFA2-4A98-B4D4-92674D6F8F54}.Release|Any CPU.Build.0 = Release|Any CPU
		{CA706D84-CD08-4E85-B593-56C1C08B0BDC}.Debug|Any CPU.ActiveCfg = Debug|Any CPU
		{CA706D84-CD08-4E85-B593-56C1C08B0BDC}.Debug|Any CPU.Build.0 = Debug|Any CPU
		{CA706D84-CD08-4E85-B593-56C1C08B0BDC}.Release|Any CPU.ActiveCfg = Release|Any CPU
		{CA706D84-CD08-4E85-B593-56C1C08B0BDC}.Release|Any CPU.Build.0 = Release|Any CPU
		{89FC296F-F7A1-4C7C-8F5C-29FF194EC218}.Debug|Any CPU.ActiveCfg = Debug|Any CPU
		{89FC296F-F7A1-4C7C-8F5C-29FF194EC218}.Debug|Any CPU.Build.0 = Debug|Any CPU
		{89FC296F-F7A1-4C7C-8F5C-29FF194EC218}.Release|Any CPU.ActiveCfg = Release|Any CPU
		{89FC296F-F7A1-4C7C-8F5C-29FF194EC218}.Release|Any CPU.Build.0 = Release|Any CPU
		{A6DA8175-8D42-4E43-895F-6B07173B1B25}.Debug|Any CPU.ActiveCfg = Debug|Any CPU
		{A6DA8175-8D42-4E43-895F-6B07173B1B25}.Debug|Any CPU.Build.0 = Debug|Any CPU
		{A6DA8175-8D42-4E43-895F-6B07173B1B25}.Release|Any CPU.ActiveCfg = Release|Any CPU
		{A6DA8175-8D42-4E43-895F-6B07173B1B25}.Release|Any CPU.Build.0 = Release|Any CPU
		{847A71DB-BD35-4CF1-BB5B-85918ECABD45}.Debug|Any CPU.ActiveCfg = Debug|Any CPU
		{847A71DB-BD35-4CF1-BB5B-85918ECABD45}.Debug|Any CPU.Build.0 = Debug|Any CPU
		{847A71DB-BD35-4CF1-BB5B-85918ECABD45}.Release|Any CPU.ActiveCfg = Release|Any CPU
		{847A71DB-BD35-4CF1-BB5B-85918ECABD45}.Release|Any CPU.Build.0 = Release|Any CPU
		{BDDC0230-3226-4661-B888-7ECA8271B1A6}.Debug|Any CPU.ActiveCfg = Debug|Any CPU
		{BDDC0230-3226-4661-B888-7ECA8271B1A6}.Debug|Any CPU.Build.0 = Debug|Any CPU
		{BDDC0230-3226-4661-B888-7ECA8271B1A6}.Release|Any CPU.ActiveCfg = Release|Any CPU
		{BDDC0230-3226-4661-B888-7ECA8271B1A6}.Release|Any CPU.Build.0 = Release|Any CPU
		{BC89E158-B5CA-4829-95B1-3E2D1FA3DC23}.Debug|Any CPU.ActiveCfg = Debug|Any CPU
		{BC89E158-B5CA-4829-95B1-3E2D1FA3DC23}.Debug|Any CPU.Build.0 = Debug|Any CPU
		{BC89E158-B5CA-4829-95B1-3E2D1FA3DC23}.Release|Any CPU.ActiveCfg = Release|Any CPU
		{BC89E158-B5CA-4829-95B1-3E2D1FA3DC23}.Release|Any CPU.Build.0 = Release|Any CPU
		{072D0644-50FA-4475-976E-A28A57CAB351}.Debug|Any CPU.ActiveCfg = Debug|Any CPU
		{072D0644-50FA-4475-976E-A28A57CAB351}.Debug|Any CPU.Build.0 = Debug|Any CPU
		{072D0644-50FA-4475-976E-A28A57CAB351}.Release|Any CPU.ActiveCfg = Release|Any CPU
		{072D0644-50FA-4475-976E-A28A57CAB351}.Release|Any CPU.Build.0 = Release|Any CPU
		{03E69A65-8F96-43DB-A3F8-2F72805E4DE0}.Debug|Any CPU.ActiveCfg = Debug|Any CPU
		{03E69A65-8F96-43DB-A3F8-2F72805E4DE0}.Debug|Any CPU.Build.0 = Debug|Any CPU
		{03E69A65-8F96-43DB-A3F8-2F72805E4DE0}.Release|Any CPU.ActiveCfg = Release|Any CPU
		{03E69A65-8F96-43DB-A3F8-2F72805E4DE0}.Release|Any CPU.Build.0 = Release|Any CPU
		{BAB527D1-67FC-4C0F-A393-2D2FD0D7519E}.Debug|Any CPU.ActiveCfg = Debug|Any CPU
		{BAB527D1-67FC-4C0F-A393-2D2FD0D7519E}.Debug|Any CPU.Build.0 = Debug|Any CPU
		{BAB527D1-67FC-4C0F-A393-2D2FD0D7519E}.Release|Any CPU.ActiveCfg = Release|Any CPU
		{BAB527D1-67FC-4C0F-A393-2D2FD0D7519E}.Release|Any CPU.Build.0 = Release|Any CPU
		{17804B3E-A75A-402B-8445-CDD09CE01E4C}.Debug|Any CPU.ActiveCfg = Debug|Any CPU
		{17804B3E-A75A-402B-8445-CDD09CE01E4C}.Debug|Any CPU.Build.0 = Debug|Any CPU
		{17804B3E-A75A-402B-8445-CDD09CE01E4C}.Release|Any CPU.ActiveCfg = Release|Any CPU
		{17804B3E-A75A-402B-8445-CDD09CE01E4C}.Release|Any CPU.Build.0 = Release|Any CPU
		{EA9F4064-6A62-45B3-8D97-5243F5A175A8}.Debug|Any CPU.ActiveCfg = Debug|Any CPU
		{EA9F4064-6A62-45B3-8D97-5243F5A175A8}.Debug|Any CPU.Build.0 = Debug|Any CPU
		{EA9F4064-6A62-45B3-8D97-5243F5A175A8}.Release|Any CPU.ActiveCfg = Release|Any CPU
		{EA9F4064-6A62-45B3-8D97-5243F5A175A8}.Release|Any CPU.Build.0 = Release|Any CPU
	EndGlobalSection
	GlobalSection(SolutionProperties) = preSolution
		HideSolutionNode = FALSE
	EndGlobalSection
	GlobalSection(NestedProjects) = preSolution
		{89FC296F-F7A1-4C7C-8F5C-29FF194EC218} = {C3A54A81-C66F-45D7-9E11-7C3E290ABEEB}
		{A6DA8175-8D42-4E43-895F-6B07173B1B25} = {C3A54A81-C66F-45D7-9E11-7C3E290ABEEB}
		{072D0644-50FA-4475-976E-A28A57CAB351} = {4AB4585D-C9E6-4C14-A124-1C1EB6E206B1}
		{03E69A65-8F96-43DB-A3F8-2F72805E4DE0} = {4AB4585D-C9E6-4C14-A124-1C1EB6E206B1}
		{BAB527D1-67FC-4C0F-A393-2D2FD0D7519E} = {C3A54A81-C66F-45D7-9E11-7C3E290ABEEB}
		{17804B3E-A75A-402B-8445-CDD09CE01E4C} = {C3A54A81-C66F-45D7-9E11-7C3E290ABEEB}
		{EA9F4064-6A62-45B3-8D97-5243F5A175A8} = {4AB4585D-C9E6-4C14-A124-1C1EB6E206B1}
	EndGlobalSection
	GlobalSection(ExtensibilityGlobals) = postSolution
		SolutionGuid = {6AA2D648-D402-4197-90B8-6BEB1F79B904}
	EndGlobalSection
EndGlobal
